
Microsoft Visual Studio Solution File, Format Version 12.00
# Visual Studio Version 17
VisualStudioVersion = 17.10.34916.146
MinimumVisualStudioVersion = 10.0.40219.1
Project("{FAE04EC0-301F-11D3-BF4B-00C04F79EFBC}") = "BookApp", "BookApp\BookApp.csproj", "{859B3B9E-CEE9-4344-AB51-19BEC50282E5}"
EndProject
Global
	GlobalSection(SolutionConfigurationPlatforms) = preSolution
		Debug|Any CPU = Debug|Any CPU
		Release|Any CPU = Release|Any CPU
	EndGlobalSection
	GlobalSection(ProjectConfigurationPlatforms) = postSolution
		{859B3B9E-CEE9-4344-AB51-19BEC50282E5}.Debug|Any CPU.ActiveCfg = Debug|Any CPU
		{859B3B9E-CEE9-4344-AB51-19BEC50282E5}.Debug|Any CPU.Build.0 = Debug|Any CPU
		{859B3B9E-CEE9-4344-AB51-19BEC50282E5}.Release|Any CPU.ActiveCfg = Release|Any CPU
		{859B3B9E-CEE9-4344-AB51-19BEC50282E5}.Release|Any CPU.Build.0 = Release|Any CPU
	EndGlobalSection
	GlobalSection(SolutionProperties) = preSolution
		HideSolutionNode = FALSE
	EndGlobalSection
	GlobalSection(ExtensibilityGlobals) = postSolution
		SolutionGuid = {B2B5700B-275E-46FC-9C06-3360E1F76E2D}
	EndGlobalSection
EndGlobal
